
Microsoft Visual Studio Solution File, Format Version 12.00
# Visual Studio 15
VisualStudioVersion = 15.0.28010.2019
MinimumVisualStudioVersion = 10.0.40219.1
Project("{FAE04EC0-301F-11D3-BF4B-00C04F79EFBC}") = "HelloWorld", "HelloWorld\HelloWorld.csproj", "{FFD83515-2F5E-4D3B-8681-482749646EAD}"
EndProject
Project("{2150E333-8FDC-42A3-9474-1A3956D46DE8}") = "Solution Items", "Solution Items", "{6B95350D-A76F-4830-B1B3-B280BC249A30}"
	ProjectSection(SolutionItems) = preProject
		README.md = README.md
	EndProjectSection
EndProject
Project("{FAE04EC0-301F-11D3-BF4B-00C04F79EFBC}") = "MyConsoleAppHost", "MyConsoleAppHost\MyConsoleAppHost.csproj", "{50855E09-11D9-45E7-B0B2-29F2EE027519}"
EndProject
Project("{FAE04EC0-301F-11D3-BF4B-00C04F79EFBC}") = "MyIISHost", "MyIISHost\MyIISHost.csproj", "{8A05DD93-22A9-4C0B-A763-8012EB0DCDC0}"
EndProject
Project("{FAE04EC0-301F-11D3-BF4B-00C04F79EFBC}") = "HelloWorldV2", "HelloWorldV2\HelloWorldV2.csproj", "{C2EE5E21-176B-440D-BFE3-35A4010EB6B8}"
EndProject
Project("{FAE04EC0-301F-11D3-BF4B-00C04F79EFBC}") = "MyConsoleAppHost2", "MyConsoleAppHost2\MyConsoleAppHost2.csproj", "{9F79D419-DEE4-4493-83CE-F5F7CD880D23}"
EndProject
Global
	GlobalSection(SolutionConfigurationPlatforms) = preSolution
		Debug|Any CPU = Debug|Any CPU
		Release|Any CPU = Release|Any CPU
	EndGlobalSection
	GlobalSection(ProjectConfigurationPlatforms) = postSolution
		{FFD83515-2F5E-4D3B-8681-482749646EAD}.Debug|Any CPU.ActiveCfg = Debug|Any CPU
		{FFD83515-2F5E-4D3B-8681-482749646EAD}.Debug|Any CPU.Build.0 = Debug|Any CPU
		{FFD83515-2F5E-4D3B-8681-482749646EAD}.Release|Any CPU.ActiveCfg = Release|Any CPU
		{FFD83515-2F5E-4D3B-8681-482749646EAD}.Release|Any CPU.Build.0 = Release|Any CPU
		{50855E09-11D9-45E7-B0B2-29F2EE027519}.Debug|Any CPU.ActiveCfg = Debug|Any CPU
		{50855E09-11D9-45E7-B0B2-29F2EE027519}.Debug|Any CPU.Build.0 = Debug|Any CPU
		{50855E09-11D9-45E7-B0B2-29F2EE027519}.Release|Any CPU.ActiveCfg = Release|Any CPU
		{50855E09-11D9-45E7-B0B2-29F2EE027519}.Release|Any CPU.Build.0 = Release|Any CPU
		{8A05DD93-22A9-4C0B-A763-8012EB0DCDC0}.Debug|Any CPU.ActiveCfg = Debug|Any CPU
		{8A05DD93-22A9-4C0B-A763-8012EB0DCDC0}.Debug|Any CPU.Build.0 = Debug|Any CPU
		{8A05DD93-22A9-4C0B-A763-8012EB0DCDC0}.Release|Any CPU.ActiveCfg = Release|Any CPU
		{8A05DD93-22A9-4C0B-A763-8012EB0DCDC0}.Release|Any CPU.Build.0 = Release|Any CPU
		{C2EE5E21-176B-440D-BFE3-35A4010EB6B8}.Debug|Any CPU.ActiveCfg = Debug|Any CPU
		{C2EE5E21-176B-440D-BFE3-35A4010EB6B8}.Debug|Any CPU.Build.0 = Debug|Any CPU
		{C2EE5E21-176B-440D-BFE3-35A4010EB6B8}.Release|Any CPU.ActiveCfg = Release|Any CPU
		{C2EE5E21-176B-440D-BFE3-35A4010EB6B8}.Release|Any CPU.Build.0 = Release|Any CPU
		{9F79D419-DEE4-4493-83CE-F5F7CD880D23}.Debug|Any CPU.ActiveCfg = Debug|Any CPU
		{9F79D419-DEE4-4493-83CE-F5F7CD880D23}.Debug|Any CPU.Build.0 = Debug|Any CPU
		{9F79D419-DEE4-4493-83CE-F5F7CD880D23}.Release|Any CPU.ActiveCfg = Release|Any CPU
		{9F79D419-DEE4-4493-83CE-F5F7CD880D23}.Release|Any CPU.Build.0 = Release|Any CPU
	EndGlobalSection
	GlobalSection(SolutionProperties) = preSolution
		HideSolutionNode = FALSE
	EndGlobalSection
	GlobalSection(ExtensibilityGlobals) = postSolution
		SolutionGuid = {9B7FA769-FF16-4C2D-8509-B1BECA8E9EBE}
	EndGlobalSection
EndGlobal
